{
	"name": "mydog",
	"version": "2.4.0",
	"lockfileVersion": 3,
	"requires": true,
	"packages": {
		"": {
			"name": "mydog",
			"version": "2.4.0",
			"license": "MIT",
			"dependencies": {
				"@types/node": "^26.2.0",
				"@types/ws": "^6.0.1",
				"ws": "^7.0.1"
			},
			"bin": {
				"mydog": "lib/cli.js"
			}
		},
		"node_modules/@types/node": {
			"version": "26.2.0",
			"resolved": "https://registry.npmjs.org/@types/node/-/node-26.2.0.tgz",
			"integrity": "sha512-5IviulTZeRNp2vAJ514cc/HUlY5nZ9fCbq9DMyC52BrhFZACo3nI0R7qBxhQmo/d27NFe96ur/b7Wwxklda+kg==",
			"license": "MIT",
			"dependencies": {
				"undici-types": "~8.3.0"
			}
		},
		"node_modules/@types/ws": {
			"version": "6.0.4",
			"resolved": "https://registry.npmjs.org/@types/ws/-/ws-6.0.4.tgz",
			"integrity": "sha512-PpPrX7SZW9re6+Ha8ojZG4Se8AZXgf0GK6zmfqEuCsY49LFDNXO3SByp44X3dFEqtB73lkCDAdUazhAjVPiNwg==",
			"license": "MIT",
			"dependencies": {
				"@types/node": "*"
			}
		},
		"node_modules/undici-types": {
			"version": "8.3.0",
			"resolved": "https://registry.npmjs.org/undici-types/-/undici-types-8.3.0.tgz",
			"integrity": "sha512-j375ScV60dom+YkPFIfTLcOiPxkN/buHz5GobjLhixFuANaNs3C9l4GmrWqejgXWJ7BbJcFYpTEUkS1Ge8bpZQ==",
			"license": "MIT"
		},
		"node_modules/ws": {
			"version": "7.5.13",
			"resolved": "https://registry.npmjs.org/ws/-/ws-7.5.13.tgz",
			"integrity": "sha512-rsKI6xDBFVf4r/x8XyChGK04QR/XHroxs/jUcoWvtEZM8TPU/X/uIY9B1CsSzYws9ZJb/6bbBu7dPhFW00CAoA==",
			"license": "MIT",
			"engines": {
				"node": ">=8.3.0"
			},
			"peerDependencies": {
				"bufferutil": "^4.0.1",
				"utf-8-validate": "^5.0.2"
			},
			"peerDependenciesMeta": {
				"bufferutil": {
					"optional": true
				},
				"utf-8-validate": {
					"optional": true
				}
			}
		}
	}
}
